
Microsoft Visual Studio Solution File, Format Version 12.00
# Visual Studio Version 17
VisualStudioVersion = 17.9.34622.214
MinimumVisualStudioVersion = 10.0.40219.1
Project("{FAE04EC0-301F-11D3-BF4B-00C04F79EFBC}") = "Buckix_DZ2_Array21", "Buckix_DZ2_Array21\Buckix_DZ2_Array21.csproj", "{37056EDE-FA12-47C0-BDE9-62F7E0086EF9}"
EndProject
Global
	GlobalSection(SolutionConfigurationPlatforms) = preSolution
		Debug|Any CPU = Debug|Any CPU
		Release|Any CPU = Release|Any CPU
	EndGlobalSection
	GlobalSection(ProjectConfigurationPlatforms) = postSolution
		{37056EDE-FA12-47C0-BDE9-62F7E0086EF9}.Debug|Any CPU.ActiveCfg = Debug|Any CPU
		{37056EDE-FA12-47C0-BDE9-62F7E0086EF9}.Debug|Any CPU.Build.0 = Debug|Any CPU
		{37056EDE-FA12-47C0-BDE9-62F7E0086EF9}.Release|Any CPU.ActiveCfg = Release|Any CPU
		{37056EDE-FA12-47C0-BDE9-62F7E0086EF9}.Release|Any CPU.Build.0 = Release|Any CPU
	EndGlobalSection
	GlobalSection(SolutionProperties) = preSolution
		HideSolutionNode = FALSE
	EndGlobalSection
	GlobalSection(ExtensibilityGlobals) = postSolution
		SolutionGuid = {EDB560BE-C0CB-48EA-AE26-2F912FB4CAAC}
	EndGlobalSection
EndGlobal
